# This file is automatically @generated by Cargo.
# It is not intended for manual editing.
version = 3

[[package]]
name = "cairo-lang-macro"
version = "0.0.1"
dependencies = [
 "cairo-lang-macro-attributes",
 "cairo-lang-macro-stable",
 "linkme",
]

[[package]]
name = "cairo-lang-macro-attributes"
version = "0.0.1"
dependencies = [
 "quote",
 "scarb-stable-hash",
 "syn",
]

[[package]]
name = "cairo-lang-macro-stable"
version = "1.0.0"

[[package]]
name = "data-encoding"
version = "2.6.0"
source = "registry+https://github.com/rust-lang/crates.io-index"
checksum = "e8566979429cf69b49a5c740c60791108e86440e8be149bbea4fe54d2c32d6e2"

[[package]]
name = "linkme"
version = "0.3.27"
source = "registry+https://github.com/rust-lang/crates.io-index"
checksum = "ccb76662d78edc9f9bf56360d6919bdacc8b7761227727e5082f128eeb90bbf5"
dependencies = [
 "linkme-impl",
]

[[package]]
name = "linkme-impl"
version = "0.3.27"
source = "registry+https://github.com/rust-lang/crates.io-index"
checksum = "f8dccda732e04fa3baf2e17cf835bfe2601c7c2edafd64417c627dabae3a8cda"
dependencies = [
 "proc-macro2",
 "quote",
 "syn",
]

[[package]]
name = "proc-macro2"
version = "1.0.86"
source = "registry+https://github.com/rust-lang/crates.io-index"
checksum = "5e719e8df665df0d1c8fbfd238015744736151d4445ec0836b8e628aae103b77"
dependencies = [
 "unicode-ident",
]

[[package]]
name = "quote"
version = "1.0.36"
source = "registry+https://github.com/rust-lang/crates.io-index"
checksum = "0fa76aaf39101c457836aec0ce2316dbdc3ab723cdda1c6bd4e6ad4208acaca7"
dependencies = [
 "proc-macro2",
]

[[package]]
name = "scarb-stable-hash"
version = "1.0.0"
dependencies = [
 "data-encoding",
 "xxhash-rust",
]

[[package]]
name = "some_macro"
version = "0.1.0"
dependencies = [
 "cairo-lang-macro",
]

[[package]]
name = "syn"
version = "2.0.72"
source = "registry+https://github.com/rust-lang/crates.io-index"
checksum = "dc4b9b9bf2add8093d3f2c0204471e951b2285580335de42f9d2534f3ae7a8af"
dependencies = [
 "proc-macro2",
 "quote",
 "unicode-ident",
]

[[package]]
name = "unicode-ident"
version = "1.0.12"
source = "registry+https://github.com/rust-lang/crates.io-index"
checksum = "3354b9ac3fae1ff6755cb6db53683adb661634f67557942dea4facebec0fee4b"

[[package]]
name = "xxhash-rust"
version = "0.8.12"
source = "registry+https://github.com/rust-lang/crates.io-index"
checksum = "6a5cbf750400958819fb6178eaa83bee5cd9c29a26a40cc241df8c70fdd46984"
