# Code generated by scarb DO NOT EDIT.
version = 1

[[package]]
name = "alexandria_data_structures"
version = "0.1.0"
source = "git+https://github.com/keep-starknet-strange/alexandria.git#3356bf0c5c1a089167d7d3c28d543e195325e596"

[[package]]
name = "alexandria_math"
version = "0.2.0"
source = "git+https://github.com/keep-starknet-strange/alexandria.git#3356bf0c5c1a089167d7d3c28d543e195325e596"
dependencies = [
 "alexandria_data_structures",
]

[[package]]
name = "dependencies"
version = "0.1.0"
dependencies = [
 "alexandria_math",
]
