# This file is automatically @generated by Cargo.
# It is not intended for manual editing.
version = 4

[[package]]
name = "bumpalo"
version = "3.17.0"
source = "registry+https://github.com/rust-lang/crates.io-index"
checksum = "1628fb46dfa0b37568d12e5edd512553eccf6a22a78e8bde00bb4aed84d5bdbf"

[[package]]
name = "cairo-lang-macro"
version = "0.2.2"
source = "registry+https://github.com/rust-lang/crates.io-index"
checksum = "825620f583a897969ef54fe3c5364a6fee01b293720b53428a066049a88d6813"
dependencies = [
 "bumpalo",
 "cairo-lang-macro-attributes",
 "cairo-lang-macro-stable",
 "cairo-lang-primitive-token",
 "cairo-lang-quote",
 "linkme",
]

[[package]]
name = "cairo-lang-macro-attributes"
version = "0.2.1"
source = "registry+https://github.com/rust-lang/crates.io-index"
checksum = "261c5f0436c8d3e7e0b0c992115d875e2256454b6d0efd769d40dd80509f2d33"
dependencies = [
 "quote",
 "scarb-stable-hash",
 "syn",
]

[[package]]
name = "cairo-lang-macro-stable"
version = "2.0.0"
source = "registry+https://github.com/rust-lang/crates.io-index"
checksum = "414b7ba40b5ec3f26101b5c76df5739190832834b95689a723f3f88ec1695fe3"

[[package]]
name = "cairo-lang-primitive-token"
version = "1.0.0"
source = "registry+https://github.com/rust-lang/crates.io-index"
checksum = "123ac0ecadf31bacae77436d72b88fa9caef2b8e92c89ce63a125ae911a12fae"

[[package]]
name = "cairo-lang-quote"
version = "0.2.0"
source = "registry+https://github.com/rust-lang/crates.io-index"
checksum = "0476b3528ba25d371ebeebe6a55816702984b23feea46d4b8751114ef3157779"
dependencies = [
 "proc-macro2",
 "quote",
 "ra-ap-rustc_parse_format",
 "syn",
]

[[package]]
name = "data-encoding"
version = "2.10.0"
source = "registry+https://github.com/rust-lang/crates.io-index"
checksum = "d7a1e2f27636f116493b8b860f5546edb47c8d8f8ea73e1d2a20be88e28d1fea"

[[package]]
name = "example1_macro"
version = "0.1.0"
dependencies = [
 "cairo-lang-macro",
]

[[package]]
name = "linkme"
version = "0.3.35"
source = "registry+https://github.com/rust-lang/crates.io-index"
checksum = "5e3283ed2d0e50c06dd8602e0ab319bb048b6325d0bba739db64ed8205179898"
dependencies = [
 "linkme-impl",
]

[[package]]
name = "linkme-impl"
version = "0.3.35"
source = "registry+https://github.com/rust-lang/crates.io-index"
checksum = "e5cec0ec4228b4853bb129c84dbf093a27e6c7a20526da046defc334a1b017f7"
dependencies = [
 "proc-macro2",
 "quote",
 "syn",
]

[[package]]
name = "memchr"
version = "2.8.0"
source = "registry+https://github.com/rust-lang/crates.io-index"
checksum = "f8ca58f447f06ed17d5fc4043ce1b10dd205e060fb3ce5b979b8ed8e59ff3f79"

[[package]]
name = "proc-macro2"
version = "1.0.106"
source = "registry+https://github.com/rust-lang/crates.io-index"
checksum = "8fd00f0bb2e90d81d1044c2b32617f68fcb9fa3bb7640c23e9c748e53fb30934"
dependencies = [
 "unicode-ident",
]

[[package]]
name = "quote"
version = "1.0.44"
source = "registry+https://github.com/rust-lang/crates.io-index"
checksum = "21b2ebcf727b7760c461f091f9f0f539b77b8e87f2fd88131e7f1b433b3cece4"
dependencies = [
 "proc-macro2",
]

[[package]]
name = "ra-ap-rustc_lexer"
version = "0.138.0"
source = "registry+https://github.com/rust-lang/crates.io-index"
checksum = "2b991347666d7f8334c9d9204914d853720baaa9de0015e08f87c9ba29593338"
dependencies = [
 "memchr",
 "unicode-properties",
 "unicode-xid",
]

[[package]]
name = "ra-ap-rustc_parse_format"
version = "0.138.0"
source = "registry+https://github.com/rust-lang/crates.io-index"
checksum = "3fc97c3250406e0e0af9528325f41fe82492c85e467830418b75aa436d2c2ae9"
dependencies = [
 "ra-ap-rustc_lexer",
 "rustc-literal-escaper",
]

[[package]]
name = "rustc-literal-escaper"
version = "0.0.5"
source = "registry+https://github.com/rust-lang/crates.io-index"
checksum = "e4ee29da77c5a54f42697493cd4c9b9f31b74df666a6c04dfc4fde77abe0438b"

[[package]]
name = "scarb-stable-hash"
version = "1.0.0"
source = "registry+https://github.com/rust-lang/crates.io-index"
checksum = "1902536b23a05dd165d3992865870aaf1b0650317767cbf171ed2ca5903732a9"
dependencies = [
 "data-encoding",
 "xxhash-rust",
]

[[package]]
name = "syn"
version = "2.0.117"
source = "registry+https://github.com/rust-lang/crates.io-index"
checksum = "e665b8803e7b1d2a727f4023456bbbbe74da67099c585258af0ad9c5013b9b99"
dependencies = [
 "proc-macro2",
 "quote",
 "unicode-ident",
]

[[package]]
name = "unicode-ident"
version = "1.0.24"
source = "registry+https://github.com/rust-lang/crates.io-index"
checksum = "e6e4313cd5fcd3dad5cafa179702e2b244f760991f45397d14d4ebf38247da75"

[[package]]
name = "unicode-properties"
version = "0.1.4"
source = "registry+https://github.com/rust-lang/crates.io-index"
checksum = "7df058c713841ad818f1dc5d3fd88063241cc61f49f5fbea4b951e8cf5a8d71d"

[[package]]
name = "unicode-xid"
version = "0.2.6"
source = "registry+https://github.com/rust-lang/crates.io-index"
checksum = "ebc1c04c71510c7f702b52b7c350734c9ff1295c464a03335b00bb84fc54f853"

[[package]]
name = "xxhash-rust"
version = "0.8.15"
source = "registry+https://github.com/rust-lang/crates.io-index"
checksum = "fdd20c5420375476fbd4394763288da7eb0cc0b8c11deed431a91562af7335d3"
